// !$*UTF8*$!
{
	archiveVersion = 1;
	classes = {
	};
	objectVersion = 46;
	objects = {

/* Begin PBXBuildFile section */
		32B92F2E1B710520003C37B3 /* main.m in Sources */ = {isa = PBXBuildFile; fileRef = 32B92F2D1B710520003C37B3 /* main.m */; };
		32B92F311B710520003C37B3 /* AppDelegate.m in Sources */ = {isa = PBXBuildFile; fileRef = 32B92F301B710520003C37B3 /* AppDelegate.m */; };
		32B92F341B710520003C37B3 /* ViewController.m in Sources */ = {isa = PBXBuildFile; fileRef = 32B92F331B710520003C37B3 /* ViewController.m */; };
		32B92F371B710520003C37B3 /* Main.storyboard in Resources */ = {isa = PBXBuildFile; fileRef = 32B92F351B710520003C37B3 /* Main.storyboard */; };
		32B92F391B710520003C37B3 /* Images.xcassets in Resources */ = {isa = PBXBuildFile; fileRef = 32B92F381B710520003C37B3 /* Images.xcassets */; };
		32B92F3C1B710520003C37B3 /* LaunchScreen.xib in Resources */ = {isa = PBXBuildFile; fileRef = 32B92F3A1B710520003C37B3 /* LaunchScreen.xib */; };
		32B92F481B710520003C37B3 /* TestWebViewTests.m in Sources */ = {isa = PBXBuildFile; fileRef = 32B92F471B710520003C37B3 /* TestWebViewTests.m */; };
/* End PBXBuildFile section */

/* Begin PBXContainerItemProxy section */
		32B92F421B710520003C37B3 /* PBXContainerItemProxy */ = {
			isa = PBXContainerItemProxy;
			containerPortal = 32B92F201B71051F003C37B3 /* Project object */;
			proxyType = 1;
			remoteGlobalIDString = 32B92F271B71051F003C37B3;
			remoteInfo = TestWebView;
		};
/* End PBXContainerItemProxy section */

/* Begin PBXFileReference section */
		32B92F281B71051F003C37B3 /* TestWebView.app */ = {isa = PBXFileReference; explicitFileType = wrapper.application; includeInIndex = 0; path = TestWebView.app; sourceTree = BUILT_PRODUCTS_DIR; };
		32B92F2C1B710520003C37B3 /* Info.plist */ = {isa = PBXFileReference; lastKnownFileType = text.plist.xml; path = Info.plist; sourceTree = "<group>"; };
		32B92F2D1B710520003C37B3 /* main.m */ = {isa = PBXFileReference; lastKnownFileType = sourcecode.c.objc; path = main.m; sourceTree = "<group>"; };
		32B92F2F1B710520003C37B3 /* AppDelegate.h */ = {isa = PBXFileReference; lastKnownFileType = sourcecode.c.h; path = AppDelegate.h; sourceTree = "<group>"; };
		32B92F301B710520003C37B3 /* AppDelegate.m */ = {isa = PBXFileReference; lastKnownFileType = sourcecode.c.objc; path = AppDelegate.m; sourceTree = "<group>"; };
		32B92F321B710520003C37B3 /* ViewController.h */ = {isa = PBXFileReference; lastKnownFileType = sourcecode.c.h; path = ViewController.h; sourceTree = "<group>"; };
		32B92F331B710520003C37B3 /* ViewController.m */ = {isa = PBXFileReference; lastKnownFileType = sourcecode.c.objc; path = ViewController.m; sourceTree = "<group>"; };
		32B92F361B710520003C37B3 /* Base */ = {isa = PBXFileReference; lastKnownFileType = file.storyboard; name = Base; path = Base.lproj/Main.storyboard; sourceTree = "<group>"; };
		32B92F381B710520003C37B3 /* Images.xcassets */ = {isa = PBXFileReference; lastKnownFileType = folder.assetcatalog; path = Images.xcassets; sourceTree = "<group>"; };
		32B92F3B1B710520003C37B3 /* Base */ = {isa = PBXFileReference; lastKnownFileType = file.xib; name = Base; path = Base.lproj/LaunchScreen.xib; sourceTree = "<group>"; };
		32B92F411B710520003C37B3 /* TestWebViewTests.xctest */ = {isa = PBXFileReference; explicitFileType = wrapper.cfbundle; includeInIndex = 0; path = TestWebViewTests.xctest; sourceTree = BUILT_PRODUCTS_DIR; };
		32B92F461B710520003C37B3 /* Info.plist */ = {isa = PBXFileReference; lastKnownFileType = text.plist.xml; path = Info.plist; sourceTree = "<group>"; };
		32B92F471B710520003C37B3 /* TestWebViewTests.m */ = {isa = PBXFileReference; lastKnownFileType = sourcecode.c.objc; path = TestWebViewTests.m; sourceTree = "<group>"; };
/* End PBXFileReference section */

/* Begin PBXFrameworksBuildPhase section */
		32B92F251B71051F003C37B3 /* Frameworks */ = {
			isa = PBXFrameworksBuildPhase;
			buildActionMask = 2147483647;
			files = (
			);
			runOnlyForDeploymentPostprocessing = 0;
		};
		32B92F3E1B710520003C37B3 /* Frameworks */ = {
			isa = PBXFrameworksBuildPhase;
			buildActionMask = 2147483647;
			files = (
			);
			runOnlyForDeploymentPostprocessing = 0;
		};
/* End PBXFrameworksBuildPhase section */

/* Begin PBXGroup section */
		32B92F1F1B71051F003C37B3 = {
			isa = PBXGroup;
			children = (
				32B92F2A1B71051F003C37B3 /* TestWebView */,
				32B92F441B710520003C37B3 /* TestWebViewTests */,
				32B92F291B71051F003C37B3 /* Products */,
			);
			sourceTree = "<group>";
		};
		32B92F291B71051F003C37B3 /* Products */ = {
			isa = PBXGroup;
			children = (
				32B92F281B71051F003C37B3 /* TestWebView.app */,
				32B92F411B710520003C37B3 /* TestWebViewTests.xctest */,
			);
			name = Products;
			sourceTree = "<group>";
		};
		32B92F2A1B71051F003C37B3 /* TestWebView */ = {
			isa = PBXGroup;
			children = (
				32B92F2F1B710520003C37B3 /* AppDelegate.h */,
				32B92F301B710520003C37B3 /* AppDelegate.m */,
				32B92F321B710520003C37B3 /* ViewController.h */,
				32B92F331B710520003C37B3 /* ViewController.m */,
				32B92F351B710520003C37B3 /* Main.storyboard */,
				32B92F381B710520003C37B3 /* Images.xcassets */,
				32B92F3A1B710520003C37B3 /* LaunchScreen.xib */,
				32B92F2B1B71051F003C37B3 /* Supporting Files */,
			);
			path = TestWebView;
			sourceTree = "<group>";
		};
		32B92F2B1B71051F003C37B3 /* Supporting Files */ = {
			isa = PBXGroup;
			children = (
				32B92F2C1B710520003C37B3 /* Info.plist */,
				32B92F2D1B710520003C37B3 /* main.m */,
			);
			name = "Supporting Files";
			sourceTree = "<group>";
		};
		32B92F441B710520003C37B3 /* TestWebViewTests */ = {
			isa = PBXGroup;
			children = (
				32B92F471B710520003C37B3 /* TestWebViewTests.m */,
				32B92F451B710520003C37B3 /* Supporting Files */,
			);
			path = TestWebViewTests;
			sourceTree = "<group>";
		};
		32B92F451B710520003C37B3 /* Supporting Files */ = {
			isa = PBXGroup;
			children = (
				32B92F461B710520003C37B3 /* Info.plist */,
			);
			name = "Supporting Files";
			sourceTree = "<group>";
		};
/* End PBXGroup section */

/* Begin PBXNativeTarget section */
		32B92F271B71051F003C37B3 /* TestWebView */ = {
			isa = PBXNativeTarget;
			buildConfigurationList = 32B92F4B1B710520003C37B3 /* Build configuration list for PBXNativeTarget "TestWebView" */;
			buildPhases = (
				32B92F241B71051F003C37B3 /* Sources */,
				32B92F251B71051F003C37B3 /* Frameworks */,
				32B92F261B71051F003C37B3 /* Resources */,
			);
			buildRules = (
			);
			dependencies = (
			);
			name = TestWebView;
			productName = TestWebView;
			productReference = 32B92F281B71051F003C37B3 /* TestWebView.app */;
			productType = "com.apple.product-type.application";
		};
		32B92F401B710520003C37B3 /* TestWebViewTests */ = {
			isa = PBXNativeTarget;
			buildConfigurationList = 32B92F4E1B710520003C37B3 /* Build configuration list for PBXNativeTarget "TestWebViewTests" */;
			buildPhases = (
				32B92F3D1B710520003C37B3 /* Sources */,
				32B92F3E1B710520003C37B3 /* Frameworks */,
				32B92F3F1B710520003C37B3 /* Resources */,
			);
			buildRules = (
			);
			dependencies = (
				32B92F431B710520003C37B3 /* PBXTargetDependency */,
			);
			name = TestWebViewTests;
			productName = TestWebViewTests;
			productReference = 32B92F411B710520003C37B3 /* TestWebViewTests.xctest */;
			productType = "com.apple.product-type.bundle.unit-test";
		};
/* End PBXNativeTarget section */

/* Begin PBXProject section */
		32B92F201B71051F003C37B3 /* Project object */ = {
			isa = PBXProject;
			attributes = {
				LastUpgradeCheck = 0700;
				ORGANIZATIONNAME = TangJie;
				TargetAttributes = {
					32B92F271B71051F003C37B3 = {
						CreatedOnToolsVersion = 6.4;
					};
					32B92F401B710520003C37B3 = {
						CreatedOnToolsVersion = 6.4;
						TestTargetID = 32B92F271B71051F003C37B3;
					};
				};
			};
			buildConfigurationList = 32B92F231B71051F003C37B3 /* Build configuration list for PBXProject "TestWebView" */;
			compatibilityVersion = "Xcode 3.2";
			developmentRegion = English;
			hasScannedForEncodings = 0;
			knownRegions = (
				en,
				Base,
			);
			mainGroup = 32B92F1F1B71051F003C37B3;
			productRefGroup = 32B92F291B71051F003C37B3 /* Products */;
			projectDirPath = "";
			projectRoot = "";
			targets = (
				32B92F271B71051F003C37B3 /* TestWebView */,
				32B92F401B710520003C37B3 /* TestWebViewTests */,
			);
		};
/* End PBXProject section */

/* Begin PBXResourcesBuildPhase section */
		32B92F261B71051F003C37B3 /* Resources */ = {
			isa = PBXResourcesBuildPhase;
			buildActionMask = 2147483647;
			files = (
				32B92F371B710520003C37B3 /* Main.storyboard in Resources */,
				32B92F3C1B710520003C37B3 /* LaunchScreen.xib in Resources */,
				32B92F391B710520003C37B3 /* Images.xcassets in Resources */,
			);
			runOnlyForDeploymentPostprocessing = 0;
		};
		32B92F3F1B710520003C37B3 /* Resources */ = {
			isa = PBXResourcesBuildPhase;
			buildActionMask = 2147483647;
			files = (
			);
			runOnlyForDeploymentPostprocessing = 0;
		};
/* End PBXResourcesBuildPhase section */

/* Begin PBXSourcesBuildPhase section */
		32B92F241B71051F003C37B3 /* Sources */ = {
			isa = PBXSourcesBuildPhase;
			buildActionMask = 2147483647;
			files = (
				32B92F341B710520003C37B3 /* ViewController.m in Sources */,
				32B92F311B710520003C37B3 /* AppDelegate.m in Sources */,
				32B92F2E1B710520003C37B3 /* main.m in Sources */,
			);
			runOnlyForDeploymentPostprocessing = 0;
		};
		32B92F3D1B710520003C37B3 /* Sources */ = {
			isa = PBXSourcesBuildPhase;
			buildActionMask = 2147483647;
			files = (
				32B92F481B710520003C37B3 /* TestWebViewTests.m in Sources */,
			);
			runOnlyForDeploymentPostprocessing = 0;
		};
/* End PBXSourcesBuildPhase section */

/* Begin PBXTargetDependency section */
		32B92F431B710520003C37B3 /* PBXTargetDependency */ = {
			isa = PBXTargetDependency;
			target = 32B92F271B71051F003C37B3 /* TestWebView */;
			targetProxy = 32B92F421B710520003C37B3 /* PBXContainerItemProxy */;
		};
/* End PBXTargetDependency section */

/* Begin PBXVariantGroup section */
		32B92F351B710520003C37B3 /* Main.storyboard */ = {
			isa = PBXVariantGroup;
			children = (
				32B92F361B710520003C37B3 /* Base */,
			);
			name = Main.storyboard;
			sourceTree = "<group>";
		};
		32B92F3A1B710520003C37B3 /* LaunchScreen.xib */ = {
			isa = PBXVariantGroup;
			children = (
				32B92F3B1B710520003C37B3 /* Base */,
			);
			name = LaunchScreen.xib;
			sourceTree = "<group>";
		};
/* End PBXVariantGroup section */

/* Begin XCBuildConfiguration section */
		32B92F491B710520003C37B3 /* Debug */ = {
			isa = XCBuildConfiguration;
			buildSettings = {
				ALWAYS_SEARCH_USER_PATHS = NO;
				CLANG_CXX_LANGUAGE_STANDARD = "gnu++0x";
				CLANG_CXX_LIBRARY = "libc++";
				CLANG_ENABLE_MODULES = YES;
				CLANG_ENABLE_OBJC_ARC = YES;
				CLANG_WARN_BOOL_CONVERSION = YES;
				CLANG_WARN_CONSTANT_CONVERSION = YES;
				CLANG_WARN_DIRECT_OBJC_ISA_USAGE = YES_ERROR;
				CLANG_WARN_EMPTY_BODY = YES;
				CLANG_WARN_ENUM_CONVERSION = YES;
				CLANG_WARN_INT_CONVERSION = YES;
				CLANG_WARN_OBJC_ROOT_CLASS = YES_ERROR;
				CLANG_WARN_UNREACHABLE_CODE = YES;
				CLANG_WARN__DUPLICATE_METHOD_MATCH = YES;
				"CODE_SIGN_IDENTITY[sdk=iphoneos*]" = "iPhone Developer";
				COPY_PHASE_STRIP = NO;
				DEBUG_INFORMATION_FORMAT = "dwarf-with-dsym";
				ENABLE_STRICT_OBJC_MSGSEND = YES;
				ENABLE_TESTABILITY = YES;
				GCC_C_LANGUAGE_STANDARD = gnu99;
				GCC_DYNAMIC_NO_PIC = NO;
				GCC_NO_COMMON_BLOCKS = YES;
				GCC_OPTIMIZATION_LEVEL = 0;
				GCC_PREPROCESSOR_DEFINITIONS = (
					"DEBUG=1",
					"$(inherited)",
				);
				GCC_SYMBOLS_PRIVATE_EXTERN = NO;
				GCC_WARN_64_TO_32_BIT_CONVERSION = YES;
				GCC_WARN_ABOUT_RETURN_TYPE = YES_ERROR;
				GCC_WARN_UNDECLARED_SELECTOR = YES;
				GCC_WARN_UNINITIALIZED_AUTOS = YES_AGGRESSIVE;
				GCC_WARN_UNUSED_FUNCTION = YES;
				GCC_WARN_UNUSED_VARIABLE = YES;
				IPHONEOS_DEPLOYMENT_TARGET = 8.4;
				MTL_ENABLE_DEBUG_INFO = YES;
				ONLY_ACTIVE_ARCH = YES;
				SDKROOT = iphoneos;
				TARGETED_DEVICE_FAMILY = "1,2";
			};
			name = Debug;
		};
		32B92F4A1B710520003C37B3 /* Release */ = {
			isa = XCBuildConfiguration;
			buildSettings = {
				ALWAYS_SEARCH_USER_PATHS = NO;
				CLANG_CXX_LANGUAGE_STANDARD = "gnu++0x";
				CLANG_CXX_LIBRARY = "libc++";
				CLANG_ENABLE_MODULES = YES;
				CLANG_ENABLE_OBJC_ARC = YES;
				CLANG_WARN_BOOL_CONVERSION = YES;
				CLANG_WARN_CONSTANT_CONVERSION = YES;
				CLANG_WARN_DIRECT_OBJC_ISA_USAGE = YES_ERROR;
				CLANG_WARN_EMPTY_BODY = YES;
				CLANG_WARN_ENUM_CONVERSION = YES;
				CLANG_WARN_INT_CONVERSION = YES;
				CLANG_WARN_OBJC_ROOT_CLASS = YES_ERROR;
				CLANG_WARN_UNREACHABLE_CODE = YES;
				CLANG_WARN__DUPLICATE_METHOD_MATCH = YES;
				"CODE_SIGN_IDENTITY[sdk=iphoneos*]" = "iPhone Developer";
				COPY_PHASE_STRIP = NO;
				DEBUG_INFORMATION_FORMAT = "dwarf-with-dsym";
				ENABLE_NS_ASSERTIONS = NO;
				ENABLE_STRICT_OBJC_MSGSEND = YES;
				GCC_C_LANGUAGE_STANDARD = gnu99;
				GCC_NO_COMMON_BLOCKS = YES;
				GCC_WARN_64_TO_32_BIT_CONVERSION = YES;
				GCC_WARN_ABOUT_RETURN_TYPE = YES_ERROR;
				GCC_WARN_UNDECLARED_SELECTOR = YES;
				GCC_WARN_UNINITIALIZED_AUTOS = YES_AGGRESSIVE;
				GCC_WARN_UNUSED_FUNCTION = YES;
				GCC_WARN_UNUSED_VARIABLE = YES;
				IPHONEOS_DEPLOYMENT_TARGET = 8.4;
				MTL_ENABLE_DEBUG_INFO = NO;
				SDKROOT = iphoneos;
				TARGETED_DEVICE_FAMILY = "1,2";
				VALIDATE_PRODUCT = YES;
			};
			name = Release;
		};
		32B92F4C1B710520003C37B3 /* Debug */ = {
			isa = XCBuildConfiguration;
			buildSettings = {
				ASSETCATALOG_COMPILER_APPICON_NAME = AppIcon;
				INFOPLIST_FILE = TestWebView/Info.plist;
				LD_RUNPATH_SEARCH_PATHS = "$(inherited) @executable_path/Frameworks";
				PRODUCT_BUNDLE_IDENTIFIER = "com.boe.$(PRODUCT_NAME:rfc1034identifier)";
				PRODUCT_NAME = "$(TARGET_NAME)";
			};
			name = Debug;
		};
		32B92F4D1B710520003C37B3 /* Release */ = {
			isa = XCBuildConfiguration;
			buildSettings = {
				ASSETCATALOG_COMPILER_APPICON_NAME = AppIcon;
				INFOPLIST_FILE = TestWebView/Info.plist;
				LD_RUNPATH_SEARCH_PATHS = "$(inherited) @executable_path/Frameworks";
				PRODUCT_BUNDLE_IDENTIFIER = "com.boe.$(PRODUCT_NAME:rfc1034identifier)";
				PRODUCT_NAME = "$(TARGET_NAME)";
			};
			name = Release;
		};
		32B92F4F1B710520003C37B3 /* Debug */ = {
			isa = XCBuildConfiguration;
			buildSettings = {
				BUNDLE_LOADER = "$(TEST_HOST)";
				FRAMEWORK_SEARCH_PATHS = (
					"$(SDKROOT)/Developer/Library/Frameworks",
					"$(inherited)",
				);
				GCC_PREPROCESSOR_DEFINITIONS = (
					"DEBUG=1",
					"$(inherited)",
				);
				INFOPLIST_FILE = TestWebViewTests/Info.plist;
				LD_RUNPATH_SEARCH_PATHS = "$(inherited) @executable_path/Frameworks @loader_path/Frameworks";
				PRODUCT_BUNDLE_IDENTIFIER = "com.boe.$(PRODUCT_NAME:rfc1034identifier)";
				PRODUCT_NAME = "$(TARGET_NAME)";
				TEST_HOST = "$(BUILT_PRODUCTS_DIR)/TestWebView.app/TestWebView";
			};
			name = Debug;
		};
		32B92F501B710520003C37B3 /* Release */ = {
			isa = XCBuildConfiguration;
			buildSettings = {
				BUNDLE_LOADER = "$(TEST_HOST)";
				FRAMEWORK_SEARCH_PATHS = (
					"$(SDKROOT)/Developer/Library/Frameworks",
					"$(inherited)",
				);
				INFOPLIST_FILE = TestWebViewTests/Info.plist;
				LD_RUNPATH_SEARCH_PATHS = "$(inherited) @executable_path/Frameworks @loader_path/Frameworks";
				PRODUCT_BUNDLE_IDENTIFIER = "com.boe.$(PRODUCT_NAME:rfc1034identifier)";
				PRODUCT_NAME = "$(TARGET_NAME)";
				TEST_HOST = "$(BUILT_PRODUCTS_DIR)/TestWebView.app/TestWebView";
			};
			name = Release;
		};
/* End XCBuildConfiguration section */

/* Begin XCConfigurationList section */
		32B92F231B71051F003C37B3 /* Build configuration list for PBXProject "TestWebView" */ = {
			isa = XCConfigurationList;
			buildConfigurations = (
				32B92F491B710520003C37B3 /* Debug */,
				32B92F4A1B710520003C37B3 /* Release */,
			);
			defaultConfigurationIsVisible = 0;
			defaultConfigurationName = Release;
		};
		32B92F4B1B710520003C37B3 /* Build configuration list for PBXNativeTarget "TestWebView" */ = {
			isa = XCConfigurationList;
			buildConfigurations = (
				32B92F4C1B710520003C37B3 /* Debug */,
				32B92F4D1B710520003C37B3 /* Release */,
			);
			defaultConfigurationIsVisible = 0;
			defaultConfigurationName = Release;
		};
		32B92F4E1B710520003C37B3 /* Build configuration list for PBXNativeTarget "TestWebViewTests" */ = {
			isa = XCConfigurationList;
			buildConfigurations = (
				32B92F4F1B710520003C37B3 /* Debug */,
				32B92F501B710520003C37B3 /* Release */,
			);
			defaultConfigurationIsVisible = 0;
			defaultConfigurationName = Release;
		};
/* End XCConfigurationList section */
	};
	rootObject = 32B92F201B71051F003C37B3 /* Project object */;
}
